hash: 99c1b4712de27754ba9028a54b175e9d4f1a12b9cdef2fdd5b10c407fbbf7e12
updated: 2017-02-22T20:51:48.801974892+06:00
imports:
- name: github.com/dgrijalva/jwt-go
  version: 63734eae1ef55eaac06fdc0f312615f2e321e273
- name: github.com/dhconnelly/rtreego
  version: 8740d3516a4ae2036dc91d4ff7c8ad28e2928da7
- name: github.com/gen1us2k/log
  version: a9e195e628c0b15dd80b92aff2705da30696ead1
- name: github.com/labstack/echo
  version: 8d504c1b699c757b267255c53b3e5219f9974abc
  subpackages:
  - middleware
- name: github.com/labstack/gommon
  version: f72d3c883f8ea180da8f085dd320804c41332ad1
  subpackages:
  - bytes
  - color
  - log
  - random
- name: github.com/mattn/go-colorable
  version: ed8eb9e318d7a84ce5915b495b7d35e0cfe7b5a8
- name: github.com/mattn/go-isatty
  version: 66b8e73f3f5cda9f96b69efd03dd3d7fc4a5cdb8
- name: github.com/tylerb/graceful
  version: d37e108c89765a8e307f15b8fb2ecd10575da6bb
- name: github.com/urfave/cli
  version: 0bdeddeeb0f650497d603c4ad7b20cfe685682f6
- name: github.com/valyala/fasttemplate
  version: 3b874956e03f1636d171bda64b130f9135f42cff
- name: golang.org/x/crypto
  version: 7c6cc321c680f03b9ef0764448e780704f486b51
  subpackages:
  - acme
  - acme/autocert
- name: golang.org/x/net
  version: 71a035914f99bb58fe82eac0f1289f10963d876c
  subpackages:
  - context
  - context/ctxhttp
- name: golang.org/x/sys
  version: a646d33e2ee3172a661fc09bca23bb4889a41bc8
  subpackages:
  - unix
testImports:
- name: github.com/davecgh/go-spew
  version: 6d212800a42e8ab5c146b8ace3490ee17e5225f9
  subpackages:
  - spew
- name: github.com/pmezard/go-difflib
  version: d8ed2627bdf02c080bf22230dbb337003b7aba2d
  subpackages:
  - difflib
- name: github.com/stretchr/testify
  version: 69483b4bd14f5845b5a1e55bca19e954e827f1d0
  subpackages:
  - assert
